
Microsoft Visual Studio Solution File, Format Version 12.00
# Visual Studio Version 16
VisualStudioVersion = 16.0.30516.212
MinimumVisualStudioVersion = 10.0.40219.1
Project("{9A19103F-16F7-4668-BE54-9A1E7A4F7556}") = "pax.blazor.survey", "pax.blazor.survey/pax.blazor.survey.csproj", "{D8B0C178-C747-45FF-A274-D5B2E5E5D120}"
EndProject
Global
	GlobalSection(SolutionConfigurationPlatforms) = preSolution
		Debug|Any CPU = Debug|Any CPU
		Release|Any CPU = Release|Any CPU
	EndGlobalSection
	GlobalSection(ProjectConfigurationPlatforms) = postSolution
		{D8B0C178-C747-45FF-A274-D5B2E5E5D120}.Debug|Any CPU.ActiveCfg = Debug|Any CPU
		{D8B0C178-C747-45FF-A274-D5B2E5E5D120}.Debug|Any CPU.Build.0 = Debug|Any CPU
		{D8B0C178-C747-45FF-A274-D5B2E5E5D120}.Release|Any CPU.ActiveCfg = Release|Any CPU
		{D8B0C178-C747-45FF-A274-D5B2E5E5D120}.Release|Any CPU.Build.0 = Release|Any CPU
	EndGlobalSection
	GlobalSection(SolutionProperties) = preSolution
		HideSolutionNode = FALSE
	EndGlobalSection
	GlobalSection(ExtensibilityGlobals) = postSolution
		SolutionGuid = {0E95B0D3-EABA-410D-8A22-1F4896C396A0}
	EndGlobalSection
EndGlobal
